Microsoft Visual Studio Solution File, Format Version 12.00
# Visual Studio Version 17
VisualStudioVersion = 17.5.2.0
MinimumVisualStudioVersion = 10.0.40219.1
Project("{FAE04EC0-301F-11D3-BF4B-00C04F79EFBC}") = "SoldItems", "SoldItems.csproj", "{545B1D1E-B606-4632-8BAF-B0E97D728561}"
EndProject
Global
	GlobalSection(SolutionConfigurationPlatforms) = preSolution
		Debug|Any CPU = Debug|Any CPU
		Release|Any CPU = Release|Any CPU
	EndGlobalSection
	GlobalSection(ProjectConfigurationPlatforms) = postSolution
		{545B1D1E-B606-4632-8BAF-B0E97D728561}.Debug|Any CPU.ActiveCfg = Debug|Any CPU
		{545B1D1E-B606-4632-8BAF-B0E97D728561}.Debug|Any CPU.Build.0 = Debug|Any CPU
		{545B1D1E-B606-4632-8BAF-B0E97D728561}.Release|Any CPU.ActiveCfg = Release|Any CPU
		{545B1D1E-B606-4632-8BAF-B0E97D728561}.Release|Any CPU.Build.0 = Release|Any CPU
	EndGlobalSection
	GlobalSection(SolutionProperties) = preSolution
		HideSolutionNode = FALSE
	EndGlobalSection
	GlobalSection(ExtensibilityGlobals) = postSolution
		SolutionGuid = {45667C3A-9CD5-42AA-A462-05B67AEF8059}
	EndGlobalSection
EndGlobal
